{
  "name": "idlize",
  "version": "1.0.0",
  "lockfileVersion": 3,
  "requires": true,
  "packages": {
    "": {
      "name": "idlize",
      "version": "1.0.0",
      "license": "ISC",
      "dependencies": {
        "@idlizer/ohosgen": "2.0.28",
        "@koalaui/common": "1.5.5",
        "@koalaui/compat": "1.5.5",
        "@koalaui/interop": "1.5.5",
        "@koalaui/runtime": "1.5.5"
      }
    },
    "node_modules/@idlizer/core": {
      "version": "2.0.28",
      "resolved": "https://registry.npmjs.org/@idlizer/core/-/core-2.0.28.tgz",
      "integrity": "sha512-T6T1nPlz18idpDii6Tf8xrjPKiKRV89L5H4R0Kjls6BHJdmttWs9FqZXzmby0Xjouo9FrPi8JUt+xg8FGxbHFw==",
      "dependencies": {
        "@koalaui/interop": "1.5.3",
        "@types/node": "^18.0.0",
        "typescript": "4.9.5"
      },
      "engines": {
        "node": ">= 18",
        "npm": ">= 8"
      }
    },
    "node_modules/@idlizer/core/node_modules/@koalaui/common": {
      "version": "1.5.3",
      "resolved": "https://registry.npmjs.org/@koalaui/common/-/common-1.5.3.tgz",
      "integrity": "sha512-wSL7j+PuiRFy5LE4C5vNIbL6m0T6sXQ7XK8Rug7aS8i21v1oG1chN49cy1s0byO3HhTWE9mClbb7hKaqlU19YQ==",
      "dependencies": {
        "@koalaui/compat": "1.5.3"
      }
    },
    "node_modules/@idlizer/core/node_modules/@koalaui/compat": {
      "version": "1.5.3",
      "resolved": "https://registry.npmjs.org/@koalaui/compat/-/compat-1.5.3.tgz",
      "integrity": "sha512-zc+cqH0HfjVmrad9NU0zLklBCPD7DKqJ2xIo0JLy42QmyyDJAWYY4mkzcchdxx7PDdrch8jEUExKUSswr2Q+Ow=="
    },
    "node_modules/@idlizer/core/node_modules/@koalaui/interop": {
      "version": "1.5.3",
      "resolved": "https://registry.npmjs.org/@koalaui/interop/-/interop-1.5.3.tgz",
      "integrity": "sha512-5MUMS2u40OUu9m+X0nUygMcdBfjb0jgQeqqj4iM3cPCZHkUguk9vuaANTRtflP5TAkqgHESlRNakfOu06ZswTA==",
      "workspaces": [
        "../incremental/build-common",
        "../incremental/compat",
        "../incremental/common"
      ],
      "dependencies": {
        "@koalaui/common": "1.5.3",
        "@types/node": "^18.0.0"
      }
    },
    "node_modules/@idlizer/libohos": {
      "version": "2.0.28",
      "resolved": "https://registry.npmjs.org/@idlizer/libohos/-/libohos-2.0.28.tgz",
      "integrity": "sha512-1skE/xum/a8TTanDae8Mt8J/gkeA9nAX+GCslAbGszo6C32NvtGaj+VHie5zB9TG3gViQZjcirOCcO4TDck7eA==",
      "dependencies": {
        "@idlizer/core": "2.0.28",
        "@types/node": "^18.0.0"
      },
      "engines": {
        "node": ">= 18",
        "npm": ">= 8"
      }
    },
    "node_modules/@idlizer/ohosgen": {
      "version": "2.0.28",
      "resolved": "https://registry.npmjs.org/@idlizer/ohosgen/-/ohosgen-2.0.28.tgz",
      "integrity": "sha512-mv5Ynlbg8ULA1kZmpr+aBnoxyUfdW7KmLX6pyw4+HImIZsnv4k/JepvI3898qgchKdqalsHGa0LME0n9jth+eQ==",
      "license": "Apache-2.0",
      "dependencies": {
        "@idlizer/core": "2.0.28",
        "@idlizer/libohos": "2.0.28",
        "@types/node": "^18.0.0",
        "commander": "^10.0.0",
        "typescript": "^4.9.5"
      },
      "bin": {
        "ohosgen": "lib/index.js"
      }
    },
    "node_modules/@koalaui/common": {
      "version": "1.5.5",
      "resolved": "https://registry.npmjs.org/@koalaui/common/-/common-1.5.5.tgz",
      "integrity": "sha512-aZslIrCbsNgrRWBHoKRwDzdpatbTVy6aIqpI/SjN30U5gq2wN4azo7o+gLUmgluENvRqxIw3ikmmhzYC3auVVw==",
      "dependencies": {
        "@koalaui/compat": "1.5.5"
      }
    },
    "node_modules/@koalaui/compat": {
      "version": "1.5.5",
      "resolved": "https://registry.npmjs.org/@koalaui/compat/-/compat-1.5.5.tgz",
      "integrity": "sha512-ahRGQ+CnXNGzE5EUwGeyCJ+qpeELA6QawEox1T0an3/UNd3R2drJmNmS0sUaIlFbZQvVhcyQ5sm+Hpa4CHY9CQ=="
    },
    "node_modules/@koalaui/harness": {
      "version": "1.5.5",
      "resolved": "https://registry.npmjs.org/@koalaui/harness/-/harness-1.5.5.tgz",
      "integrity": "sha512-icnCdl6rC4K+AhUziHr3ZQUP2cplVA6915X7xCwW7Kei1ps5u5RqsucWY4j1QDRNypactIRSUXcDYbCyDnHaTQ==",
      "dependencies": {
        "@koalaui/common": "1.5.5",
        "@koalaui/compat": "1.5.5"
      }
    },
    "node_modules/@koalaui/interop": {
      "version": "1.5.5",
      "resolved": "https://registry.npmjs.org/@koalaui/interop/-/interop-1.5.5.tgz",
      "integrity": "sha512-+M+9U0D2epqcqsT9r8b80/rhqYRI5BvsrYy8c2dR7nBFuP87lz2uRlS7Vq0Zt+gSyG1Jx38toCgL2yUpWgBpBA==",
      "workspaces": [
        "../incremental/build-common",
        "../incremental/compat",
        "../incremental/common"
      ],
      "dependencies": {
        "@koalaui/common": "1.5.5",
        "@types/node": "^18.0.0"
      }
    },
    "node_modules/@koalaui/runtime": {
      "version": "1.5.5",
      "resolved": "https://registry.npmjs.org/@koalaui/runtime/-/runtime-1.5.5.tgz",
      "integrity": "sha512-fSsmW5WKk5LiR6K7IfW/qScMGATA5fqbP7an24DmP7O7LP4nKeOxAIwZDduD3dKBgx0dD5/40cnveUKOyXyoOA==",
      "dependencies": {
        "@koalaui/common": "1.5.5",
        "@koalaui/compat": "1.5.5",
        "@koalaui/harness": "1.5.5"
      }
    },
    "node_modules/@types/node": {
      "version": "18.19.76",
      "resolved": "https://registry.npmjs.org/@types/node/-/node-18.19.76.tgz",
      "integrity": "sha512-yvR7Q9LdPz2vGpmpJX5LolrgRdWvB67MJKDPSgIIzpFbaf9a1j/f5DnLp5VDyHGMR0QZHlTr1afsD87QCXFHKw==",
      "license": "MIT",
      "dependencies": {
        "undici-types": "~5.26.4"
      }
    },
    "node_modules/commander": {
      "version": "10.0.1",
      "resolved": "https://registry.npmjs.org/commander/-/commander-10.0.1.tgz",
      "integrity": "sha512-y4Mg2tXshplEbSGzx7amzPwKKOCGuoSRP/CjEdwwk0FOGlUbq6lKuoyDZTNZkmxHdJtp54hdfY/JUrdL7Xfdug==",
      "license": "MIT",
      "engines": {
        "node": ">=14"
      }
    },
    "node_modules/typescript": {
      "version": "4.9.5",
      "resolved": "https://registry.npmjs.org/typescript/-/typescript-4.9.5.tgz",
      "integrity": "sha512-1FXk9E2Hm+QzZQ7z+McJiHL4NW1F2EzMu9Nq9i3zAaGqibafqYwCVU6WyWAuyQRRzOlxou8xZSyXLEN8oKj24g==",
      "license": "Apache-2.0",
      "bin": {
        "tsc": "bin/tsc",
        "tsserver": "bin/tsserver"
      },
      "engines": {
        "node": ">=4.2.0"
      }
    },
    "node_modules/undici-types": {
      "version": "5.26.5",
      "resolved": "https://registry.npmjs.org/undici-types/-/undici-types-5.26.5.tgz",
      "integrity": "sha512-JlCMO+ehdEIKqlFxk6IfVoAUVmgz7cU7zD/h9XZ0qzeosSHmUJVOzSQvvYSYWXkFXC+IfLKSIffhv0sVZup6pA==",
      "license": "MIT"
    }
  }
}
